{
  "name": "mindful-meals",
  "version": "0.1.0",
  "lockfileVersion": 2,
  "requires": true,
  "packages": {
    "": {
      "name": "mindful-meals",
      "version": "0.1.0",
      "private": true,
      "dependencies": {
        "@google/genai": "^1.19.0",
        "react": "^18.3.1",
        "react-dom": "^18.3.1"
      },
      "devDependencies": {
        "@testing-library/jest-dom": "^5.17.0",
        "@testing-library/react": "^13.4.0",
        "@testing-library/user-event": "^13.5.0",
        "@types/jest": "^27.5.2",
        "@types/node": "^16.18.97",
        "@types/react": "^18.3.2",
        "@types/react-dom": "^18.3.0",
        "react-scripts": "5.0.1",
        "typescript": "^4.9.5"
      }
    },
    "node_modules/@google/genai": {
      "version": "1.19.0",
      "resolved": "https://registry.npmjs.org/@google/genai/-/genai-1.19.0.tgz",
      "integrity": "sha512-yJxyAqd40nSXiQp4f57rYCR8fO+aT34swQ7v9uV8KWkYt9soC1LTSOq1a5A22bbfY576j6nSre2svhGqg0s4xA=="
    },
    "node_modules/loose-envify": {
      "version": "1.4.0",
      "resolved": "https://registry.npmjs.org/loose-envify/-/loose-envify-1.4.0.tgz",
      "integrity": "sha512-lyuxPGr/Wfhrlem2CL/UcnUc1zcqKA3a2oyFwdUMal4+xbLXXIlcYIoLxd1KuH36rFY4CR81ARIsUSpPJ+q2wQ==",
      "dependencies": {
        "js-tokens": "^3.0.0 || ^4.0.0"
      },
      "bin": {
        "loose-envify": "cli.js"
      }
    },
    "node_modules/react": {
      "version": "18.3.1",
      "resolved": "https://registry.npmjs.org/react/-/react-18.3.1.tgz",
      "integrity": "sha512-wS+hAgJ0G02AU5eT1Qo/1g5b5MyEdRBM5KZ90V6ZEsJ23s2i2jS4sQdG4s8dY9cI43v2iXohRq2g/L5v99V5w==",
      "dependencies": {
        "loose-envify": "^1.1.0"
      },
      "engines": {
        "node": ">=0.10.0"
      }
    },
    "node_modules/react-dom": {
      "version": "18.3.1",
      "resolved": "https://registry.npmjs.org/react-dom/-/react-dom-18.3.1.tgz",
      "integrity": "sha512-5m4lB43fJvB6hNP22T/5DchL4aom3p4Y2Hq7i8Re+2a2V4v4s0f//NA+24tWY+42f1pFZ5Ie6izHPT3j7pW7dQ==",
      "dependencies": {
        "loose-envify": "^1.1.0",
        "scheduler": "^0.23.2"
      },
      "peerDependencies": {
        "react": "^18.3.1"
      }
    },
    "node_modules/scheduler": {
      "version": "0.23.2",
      "resolved": "https://registry.npmjs.org/scheduler/-/scheduler-0.23.2.tgz",
      "integrity": "sha512-EaCx2syLZTf+2wl9Rp4fgyT27zAqUWv1QyN5Ea5s7fU122O21f5pY6eM8eGzT/8NBgt2cZ/bg+aTfN4ryyqLfg==",
      "dependencies": {
        "loose-envify": "^1.1.0"
      }
    }
  },
  "dependencies": {
    "@google/genai": {
      "version": "1.19.0",
      "resolved": "https://registry.npmjs.org/@google/genai/-/genai-1.19.0.tgz",
      "integrity": "sha512-yJxyAqd40nSXiQp4f57rYCR8fO+aT34swQ7v9uV8KWkYt9soC1LTSOq1a5A22bbfY576j6nSre2svhGqg0s4xA=="
    },
    "loose-envify": {
      "version": "1.4.0",
      "resolved": "https://registry.npmjs.org/loose-envify/-/loose-envify-1.4.0.tgz",
      "integrity": "sha512-lyuxPGr/Wfhrlem2CL/UcnUc1zcqKA3a2oyFwdUMal4+xbLXXIlcYIoLxd1KuH36rFY4CR81ARIsUSpPJ+q2wQ==",
      "requires": {
        "js-tokens": "^3.0.0 || ^4.0.0"
      }
    },
    "react": {
      "version": "18.3.1",
      "resolved": "https://registry.npmjs.org/react/-/react-18.3.1.tgz",
      "integrity": "sha512-wS+hAgJ0G02AU5eT1Qo/1g5b5MyEdRBM5KZ90V6ZEsJ23s2i2jS4sQdG4s8dY9cI43v2iXohRq2g/L5v99V5w==",
      "requires": {
        "loose-envify": "^1.1.0"
      }
    },
    "react-dom": {
      "version": "18.3.1",
      "resolved": "https://registry.npmjs.org/react-dom/-/react-dom-18.3.1.tgz",
      "integrity": "sha512-5m4lB43fJvB6hNP22T/5DchL4aom3p4Y2Hq7i8Re+2a2V4v4s0f//NA+24tWY+42f1pFZ5Ie6izHPT3j7pW7dQ==",
      "requires": {
        "loose-envify": "^1.1.0",
        "scheduler": "^0.23.2"
      }
    },
    "scheduler": {
      "version": "0.23.2",
      "resolved": "https://registry.npmjs.org/scheduler/-/scheduler-0.23.2.tgz",
      "integrity": "sha512-EaCx2syLZTf+2wl9Rp4fgyT27zAqUWv1QyN5Ea5s7fU122O21f5pY6eM8eGzT/8NBgt2cZ/bg+aTfN4ryyqLfg==",
      "requires": {
        "loose-envify": "^1.1.0"
      }
    }
  }
}